// !$*UTF8*$!
{
	archiveVersion = 1;
	classes = {
	};
	objectVersion = 77;
	objects = {

/* Begin PBXContainerItemProxy section */
		A0AD717D2D51E17500AC1D26 /* PBXContainerItemProxy */ = {
			isa = PBXContainerItemProxy;
			containerPortal = A0AD71642D51E17300AC1D26 /* Project object */;
			proxyType = 1;
			remoteGlobalIDString = A0AD716B2D51E17300AC1D26;
			remoteInfo = LearnBinding;
		};
		A0AD71872D51E17500AC1D26 /* PBXContainerItemProxy */ = {
			isa = PBXContainerItemProxy;
			containerPortal = A0AD71642D51E17300AC1D26 /* Project object */;
			proxyType = 1;
			remoteGlobalIDString = A0AD716B2D51E17300AC1D26;
			remoteInfo = LearnBinding;
		};
/* End PBXContainerItemProxy section */

/* Begin PBXFileReference section */
		A0AD716C2D51E17300AC1D26 /* LearnBinding.app */ = {isa = PBXFileReference; explicitFileType = wrapper.application; includeInIndex = 0; path = LearnBinding.app; sourceTree = BUILT_PRODUCTS_DIR; };
		A0AD717C2D51E17500AC1D26 /* LearnBindingTests.xctest */ = {isa = PBXFileReference; explicitFileType = wrapper.cfbundle; includeInIndex = 0; path = LearnBindingTests.xctest; sourceTree = BUILT_PRODUCTS_DIR; };
		A0AD71862D51E17500AC1D26 /* LearnBindingUITests.xctest */ = {isa = PBXFileReference; explicitFileType = wrapper.cfbundle; includeInIndex = 0; path = LearnBindingUITests.xctest; sourceTree = BUILT_PRODUCTS_DIR; };
/* End PBXFileReference section */

/* Begin PBXFileSystemSynchronizedRootGroup section */
		A0AD716E2D51E17300AC1D26 /* LearnBinding */ = {
			isa = PBXFileSystemSynchronizedRootGroup;
			path = LearnBinding;
			sourceTree = "<group>";
		};
		A0AD717F2D51E17500AC1D26 /* LearnBindingTests */ = {
			isa = PBXFileSystemSynchronizedRootGroup;
			path = LearnBindingTests;
			sourceTree = "<group>";
		};
		A0AD71892D51E17500AC1D26 /* LearnBindingUITests */ = {
			isa = PBXFileSystemSynchronizedRootGroup;
			path = LearnBindingUITests;
			sourceTree = "<group>";
		};
/* End PBXFileSystemSynchronizedRootGroup section */

/* Begin PBXFrameworksBuildPhase section */
		A0AD71692D51E17300AC1D26 /* Frameworks */ = {
			isa = PBXFrameworksBuildPhase;
			buildActionMask = 2147483647;
			files = (
			);
			runOnlyForDeploymentPostprocessing = 0;
		};
		A0AD71792D51E17500AC1D26 /* Frameworks */ = {
			isa = PBXFrameworksBuildPhase;
			buildActionMask = 2147483647;
			files = (
			);
			runOnlyForDeploymentPostprocessing = 0;
		};
		A0AD71832D51E17500AC1D26 /* Frameworks */ = {
			isa = PBXFrameworksBuildPhase;
			buildActionMask = 2147483647;
			files = (
			);
			runOnlyForDeploymentPostprocessing = 0;
		};
/* End PBXFrameworksBuildPhase section */

/* Begin PBXGroup section */
		A0AD71632D51E17300AC1D26 = {
			isa = PBXGroup;
			children = (
				A0AD716E2D51E17300AC1D26 /* LearnBinding */,
				A0AD717F2D51E17500AC1D26 /* LearnBindingTests */,
				A0AD71892D51E17500AC1D26 /* LearnBindingUITests */,
				A0AD716D2D51E17300AC1D26 /* Products */,
			);
			sourceTree = "<group>";
		};
		A0AD716D2D51E17300AC1D26 /* Products */ = {
			isa = PBXGroup;
			children = (
				A0AD716C2D51E17300AC1D26 /* LearnBinding.app */,
				A0AD717C2D51E17500AC1D26 /* LearnBindingTests.xctest */,
				A0AD71862D51E17500AC1D26 /* LearnBindingUITests.xctest */,
			);
			name = Products;
			sourceTree = "<group>";
		};
/* End PBXGroup section */

/* Begin PBXNativeTarget section */
		A0AD716B2D51E17300AC1D26 /* LearnBinding */ = {
			isa = PBXNativeTarget;
			buildConfigurationList = A0AD71902D51E17500AC1D26 /* Build configuration list for PBXNativeTarget "LearnBinding" */;
			buildPhases = (
				A0AD71682D51E17300AC1D26 /* Sources */,
				A0AD71692D51E17300AC1D26 /* Frameworks */,
				A0AD716A2D51E17300AC1D26 /* Resources */,
			);
			buildRules = (
			);
			dependencies = (
			);
			fileSystemSynchronizedGroups = (
				A0AD716E2D51E17300AC1D26 /* LearnBinding */,
			);
			name = LearnBinding;
			packageProductDependencies = (
			);
			productName = LearnBinding;
			productReference = A0AD716C2D51E17300AC1D26 /* LearnBinding.app */;
			productType = "com.apple.product-type.application";
		};
		A0AD717B2D51E17500AC1D26 /* LearnBindingTests */ = {
			isa = PBXNativeTarget;
			buildConfigurationList = A0AD71932D51E17500AC1D26 /* Build configuration list for PBXNativeTarget "LearnBindingTests" */;
			buildPhases = (
				A0AD71782D51E17500AC1D26 /* Sources */,
				A0AD71792D51E17500AC1D26 /* Frameworks */,
				A0AD717A2D51E17500AC1D26 /* Resources */,
			);
			buildRules = (
			);
			dependencies = (
				A0AD717E2D51E17500AC1D26 /* PBXTargetDependency */,
			);
			fileSystemSynchronizedGroups = (
				A0AD717F2D51E17500AC1D26 /* LearnBindingTests */,
			);
			name = LearnBindingTests;
			packageProductDependencies = (
			);
			productName = LearnBindingTests;
			productReference = A0AD717C2D51E17500AC1D26 /* LearnBindingTests.xctest */;
			productType = "com.apple.product-type.bundle.unit-test";
		};
		A0AD71852D51E17500AC1D26 /* LearnBindingUITests */ = {
			isa = PBXNativeTarget;
			buildConfigurationList = A0AD71962D51E17500AC1D26 /* Build configuration list for PBXNativeTarget "LearnBindingUITests" */;
			buildPhases = (
				A0AD71822D51E17500AC1D26 /* Sources */,
				A0AD71832D51E17500AC1D26 /* Frameworks */,
				A0AD71842D51E17500AC1D26 /* Resources */,
			);
			buildRules = (
			);
			dependencies = (
				A0AD71882D51E17500AC1D26 /* PBXTargetDependency */,
			);
			fileSystemSynchronizedGroups = (
				A0AD71892D51E17500AC1D26 /* LearnBindingUITests */,
			);
			name = LearnBindingUITests;
			packageProductDependencies = (
			);
			productName = LearnBindingUITests;
			productReference = A0AD71862D51E17500AC1D26 /* LearnBindingUITests.xctest */;
			productType = "com.apple.product-type.bundle.ui-testing";
		};
/* End PBXNativeTarget section */

/* Begin PBXProject section */
		A0AD71642D51E17300AC1D26 /* Project object */ = {
			isa = PBXProject;
			attributes = {
				BuildIndependentTargetsInParallel = 1;
				LastSwiftUpdateCheck = 1620;
				LastUpgradeCheck = 1620;
				TargetAttributes = {
					A0AD716B2D51E17300AC1D26 = {
						CreatedOnToolsVersion = 16.2;
					};
					A0AD717B2D51E17500AC1D26 = {
						CreatedOnToolsVersion = 16.2;
						TestTargetID = A0AD716B2D51E17300AC1D26;
					};
					A0AD71852D51E17500AC1D26 = {
						CreatedOnToolsVersion = 16.2;
						TestTargetID = A0AD716B2D51E17300AC1D26;
					};
				};
			};
			buildConfigurationList = A0AD71672D51E17300AC1D26 /* Build configuration list for PBXProject "LearnBinding" */;
			developmentRegion = en;
			hasScannedForEncodings = 0;
			knownRegions = (
				en,
				Base,
			);
			mainGroup = A0AD71632D51E17300AC1D26;
			minimizedProjectReferenceProxies = 1;
			preferredProjectObjectVersion = 77;
			productRefGroup = A0AD716D2D51E17300AC1D26 /* Products */;
			projectDirPath = "";
			projectRoot = "";
			targets = (
				A0AD716B2D51E17300AC1D26 /* LearnBinding */,
				A0AD717B2D51E17500AC1D26 /* LearnBindingTests */,
				A0AD71852D51E17500AC1D26 /* LearnBindingUITests */,
			);
		};
/* End PBXProject section */

/* Begin PBXResourcesBuildPhase section */
		A0AD716A2D51E17300AC1D26 /* Resources */ = {
			isa = PBXResourcesBuildPhase;
			buildActionMask = 2147483647;
			files = (
			);
			runOnlyForDeploymentPostprocessing = 0;
		};
		A0AD717A2D51E17500AC1D26 /* Resources */ = {
			isa = PBXResourcesBuildPhase;
			buildActionMask = 2147483647;
			files = (
			);
			runOnlyForDeploymentPostprocessing = 0;
		};
		A0AD71842D51E17500AC1D26 /* Resources */ = {
			isa = PBXResourcesBuildPhase;
			buildActionMask = 2147483647;
			files = (
			);
			runOnlyForDeploymentPostprocessing = 0;
		};
/* End PBXResourcesBuildPhase section */

/* Begin PBXSourcesBuildPhase section */
		A0AD71682D51E17300AC1D26 /* Sources */ = {
			isa = PBXSourcesBuildPhase;
			buildActionMask = 2147483647;
			files = (
			);
			runOnlyForDeploymentPostprocessing = 0;
		};
		A0AD71782D51E17500AC1D26 /* Sources */ = {
			isa = PBXSourcesBuildPhase;
			buildActionMask = 2147483647;
			files = (
			);
			runOnlyForDeploymentPostprocessing = 0;
		};
		A0AD71822D51E17500AC1D26 /* Sources */ = {
			isa = PBXSourcesBuildPhase;
			buildActionMask = 2147483647;
			files = (
			);
			runOnlyForDeploymentPostprocessing = 0;
		};
/* End PBXSourcesBuildPhase section */

/* Begin PBXTargetDependency section */
		A0AD717E2D51E17500AC1D26 /* PBXTargetDependency */ = {
			isa = PBXTargetDependency;
			target = A0AD716B2D51E17300AC1D26 /* LearnBinding */;
			targetProxy = A0AD717D2D51E17500AC1D26 /* PBXContainerItemProxy */;
		};
		A0AD71882D51E17500AC1D26 /* PBXTargetDependency */ = {
			isa = PBXTargetDependency;
			target = A0AD716B2D51E17300AC1D26 /* LearnBinding */;
			targetProxy = A0AD71872D51E17500AC1D26 /* PBXContainerItemProxy */;
		};
/* End PBXTargetDependency section */

/* Begin XCBuildConfiguration section */
		A0AD718E2D51E17500AC1D26 /* Debug */ = {
			isa = XCBuildConfiguration;
			buildSettings = {
				ALWAYS_SEARCH_USER_PATHS = NO;
				ASSETCATALOG_COMPILER_GENERATE_SWIFT_ASSET_SYMBOL_EXTENSIONS = YES;
				CLANG_ANALYZER_NONNULL = YES;
				CLANG_ANALYZER_NUMBER_OBJECT_CONVERSION = YES_AGGRESSIVE;
				CLANG_CXX_LANGUAGE_STANDARD = "gnu++20";
				CLANG_ENABLE_MODULES = YES;
				CLANG_ENABLE_OBJC_ARC = YES;
				CLANG_ENABLE_OBJC_WEAK = YES;
				CLANG_WARN_BLOCK_CAPTURE_AUTORELEASING = YES;
				CLANG_WARN_BOOL_CONVERSION = YES;
				CLANG_WARN_COMMA = YES;
				CLANG_WARN_CONSTANT_CONVERSION = YES;
				CLANG_WARN_DEPRECATED_OBJC_IMPLEMENTATIONS = YES;
				CLANG_WARN_DIRECT_OBJC_ISA_USAGE = YES_ERROR;
				CLANG_WARN_DOCUMENTATION_COMMENTS = YES;
				CLANG_WARN_EMPTY_BODY = YES;
				CLANG_WARN_ENUM_CONVERSION = YES;
				CLANG_WARN_INFINITE_RECURSION = YES;
				CLANG_WARN_INT_CONVERSION = YES;
				CLANG_WARN_NON_LITERAL_NULL_CONVERSION = YES;
				CLANG_WARN_OBJC_IMPLICIT_RETAIN_SELF = YES;
				CLANG_WARN_OBJC_LITERAL_CONVERSION = YES;
				CLANG_WARN_OBJC_ROOT_CLASS = YES_ERROR;
				CLANG_WARN_QUOTED_INCLUDE_IN_FRAMEWORK_HEADER = YES;
				CLANG_WARN_RANGE_LOOP_ANALYSIS = YES;
				CLANG_WARN_STRICT_PROTOTYPES = YES;
				CLANG_WARN_SUSPICIOUS_MOVE = YES;
				CLANG_WARN_UNGUARDED_AVAILABILITY = YES_AGGRESSIVE;
				CLANG_WARN_UNREACHABLE_CODE = YES;
				CLANG_WARN__DUPLICATE_METHOD_MATCH = YES;
				COPY_PHASE_STRIP = NO;
				DEBUG_INFORMATION_FORMAT = dwarf;
				ENABLE_STRICT_OBJC_MSGSEND = YES;
				ENABLE_TESTABILITY = YES;
				ENABLE_USER_SCRIPT_SANDBOXING = YES;
				GCC_C_LANGUAGE_STANDARD = gnu17;
				GCC_DYNAMIC_NO_PIC = NO;
				GCC_NO_COMMON_BLOCKS = YES;
				GCC_OPTIMIZATION_LEVEL = 0;
				GCC_PREPROCESSOR_DEFINITIONS = (
					"DEBUG=1",
					"$(inherited)",
				);
				GCC_WARN_64_TO_32_BIT_CONVERSION = YES;
				GCC_WARN_ABOUT_RETURN_TYPE = YES_ERROR;
				GCC_WARN_UNDECLARED_SELECTOR = YES;
				GCC_WARN_UNINITIALIZED_AUTOS = YES_AGGRESSIVE;
				GCC_WARN_UNUSED_FUNCTION = YES;
				GCC_WARN_UNUSED_VARIABLE = YES;
				IPHONEOS_DEPLOYMENT_TARGET = 18.2;
				LOCALIZATION_PREFERS_STRING_CATALOGS = YES;
				MTL_ENABLE_DEBUG_INFO = INCLUDE_SOURCE;
				MTL_FAST_MATH = YES;
				ONLY_ACTIVE_ARCH = YES;
				SDKROOT = iphoneos;
				SWIFT_ACTIVE_COMPILATION_CONDITIONS = "DEBUG $(inherited)";
				SWIFT_OPTIMIZATION_LEVEL = "-Onone";
			};
			name = Debug;
		};
		A0AD718F2D51E17500AC1D26 /* Release */ = {
			isa = XCBuildConfiguration;
			buildSettings = {
				ALWAYS_SEARCH_USER_PATHS = NO;
				ASSETCATALOG_COMPILER_GENERATE_SWIFT_ASSET_SYMBOL_EXTENSIONS = YES;
				CLANG_ANALYZER_NONNULL = YES;
				CLANG_ANALYZER_NUMBER_OBJECT_CONVERSION = YES_AGGRESSIVE;
				CLANG_CXX_LANGUAGE_STANDARD = "gnu++20";
				CLANG_ENABLE_MODULES = YES;
				CLANG_ENABLE_OBJC_ARC = YES;
				CLANG_ENABLE_OBJC_WEAK = YES;
				CLANG_WARN_BLOCK_CAPTURE_AUTORELEASING = YES;
				CLANG_WARN_BOOL_CONVERSION = YES;
				CLANG_WARN_COMMA = YES;
				CLANG_WARN_CONSTANT_CONVERSION = YES;
				CLANG_WARN_DEPRECATED_OBJC_IMPLEMENTATIONS = YES;
				CLANG_WARN_DIRECT_OBJC_ISA_USAGE = YES_ERROR;
				CLANG_WARN_DOCUMENTATION_COMMENTS = YES;
				CLANG_WARN_EMPTY_BODY = YES;
				CLANG_WARN_ENUM_CONVERSION = YES;
				CLANG_WARN_INFINITE_RECURSION = YES;
				CLANG_WARN_INT_CONVERSION = YES;
				CLANG_WARN_NON_LITERAL_NULL_CONVERSION = YES;
				CLANG_WARN_OBJC_IMPLICIT_RETAIN_SELF = YES;
				CLANG_WARN_OBJC_LITERAL_CONVERSION = YES;
				CLANG_WARN_OBJC_ROOT_CLASS = YES_ERROR;
				CLANG_WARN_QUOTED_INCLUDE_IN_FRAMEWORK_HEADER = YES;
				CLANG_WARN_RANGE_LOOP_ANALYSIS = YES;
				CLANG_WARN_STRICT_PROTOTYPES = YES;
				CLANG_WARN_SUSPICIOUS_MOVE = YES;
				CLANG_WARN_UNGUARDED_AVAILABILITY = YES_AGGRESSIVE;
				CLANG_WARN_UNREACHABLE_CODE = YES;
				CLANG_WARN__DUPLICATE_METHOD_MATCH = YES;
				COPY_PHASE_STRIP = NO;
				DEBUG_INFORMATION_FORMAT = "dwarf-with-dsym";
				ENABLE_NS_ASSERTIONS = NO;
				ENABLE_STRICT_OBJC_MSGSEND = YES;
				ENABLE_USER_SCRIPT_SANDBOXING = YES;
				GCC_C_LANGUAGE_STANDARD = gnu17;
				GCC_NO_COMMON_BLOCKS = YES;
				GCC_WARN_64_TO_32_BIT_CONVERSION = YES;
				GCC_WARN_ABOUT_RETURN_TYPE = YES_ERROR;
				GCC_WARN_UNDECLARED_SELECTOR = YES;
				GCC_WARN_UNINITIALIZED_AUTOS = YES_AGGRESSIVE;
				GCC_WARN_UNUSED_FUNCTION = YES;
				GCC_WARN_UNUSED_VARIABLE = YES;
				IPHONEOS_DEPLOYMENT_TARGET = 18.2;
				LOCALIZATION_PREFERS_STRING_CATALOGS = YES;
				MTL_ENABLE_DEBUG_INFO = NO;
				MTL_FAST_MATH = YES;
				SDKROOT = iphoneos;
				SWIFT_COMPILATION_MODE = wholemodule;
				VALIDATE_PRODUCT = YES;
			};
			name = Release;
		};
		A0AD71912D51E17500AC1D26 /* Debug */ = {
			isa = XCBuildConfiguration;
			buildSettings = {
				ASSETCATALOG_COMPILER_APPICON_NAME = AppIcon;
				ASSETCATALOG_COMPILER_GLOBAL_ACCENT_COLOR_NAME = AccentColor;
				CODE_SIGN_STYLE = Automatic;
				CURRENT_PROJECT_VERSION = 1;
				DEVELOPMENT_ASSET_PATHS = "\"LearnBinding/Preview Content\"";
				DEVELOPMENT_TEAM = 985R44ND7P;
				ENABLE_PREVIEWS = YES;
				GENERATE_INFOPLIST_FILE = YES;
				INFOPLIST_KEY_UIApplicationSceneManifest_Generation = YES;
				INFOPLIST_KEY_UIApplicationSupportsIndirectInputEvents = YES;
				INFOPLIST_KEY_UILaunchScreen_Generation = YES;
				INFOPLIST_KEY_UISupportedInterfaceOrientations_iPad = "UIInterfaceOrientationPortrait UIInterfaceOrientationPortraitUpsideDown UIInterfaceOrientationLandscapeLeft UIInterfaceOrientationLandscapeRight";
				INFOPLIST_KEY_UISupportedInterfaceOrientations_iPhone = "UIInterfaceOrientationPortrait UIInterfaceOrientationLandscapeLeft UIInterfaceOrientationLandscapeRight";
				LD_RUNPATH_SEARCH_PATHS = (
					"$(inherited)",
					"@executable_path/Frameworks",
				);
				MARKETING_VERSION = 1.0;
				PRODUCT_BUNDLE_IDENTIFIER = com.aayam.LearnBinding;
				PRODUCT_NAME = "$(TARGET_NAME)";
				SWIFT_EMIT_LOC_STRINGS = YES;
				SWIFT_VERSION = 5.0;
				TARGETED_DEVICE_FAMILY = "1,2";
			};
			name = Debug;
		};
		A0AD71922D51E17500AC1D26 /* Release */ = {
			isa = XCBuildConfiguration;
			buildSettings = {
				ASSETCATALOG_COMPILER_APPICON_NAME = AppIcon;
				ASSETCATALOG_COMPILER_GLOBAL_ACCENT_COLOR_NAME = AccentColor;
				CODE_SIGN_STYLE = Automatic;
				CURRENT_PROJECT_VERSION = 1;
				DEVELOPMENT_ASSET_PATHS = "\"LearnBinding/Preview Content\"";
				DEVELOPMENT_TEAM = 985R44ND7P;
				ENABLE_PREVIEWS = YES;
				GENERATE_INFOPLIST_FILE = YES;
				INFOPLIST_KEY_UIApplicationSceneManifest_Generation = YES;
				INFOPLIST_KEY_UIApplicationSupportsIndirectInputEvents = YES;
				INFOPLIST_KEY_UILaunchScreen_Generation = YES;
				INFOPLIST_KEY_UISupportedInterfaceOrientations_iPad = "UIInterfaceOrientationPortrait UIInterfaceOrientationPortraitUpsideDown UIInterfaceOrientationLandscapeLeft UIInterfaceOrientationLandscapeRight";
				INFOPLIST_KEY_UISupportedInterfaceOrientations_iPhone = "UIInterfaceOrientationPortrait UIInterfaceOrientationLandscapeLeft UIInterfaceOrientationLandscapeRight";
				LD_RUNPATH_SEARCH_PATHS = (
					"$(inherited)",
					"@executable_path/Frameworks",
				);
				MARKETING_VERSION = 1.0;
				PRODUCT_BUNDLE_IDENTIFIER = com.aayam.LearnBinding;
				PRODUCT_NAME = "$(TARGET_NAME)";
				SWIFT_EMIT_LOC_STRINGS = YES;
				SWIFT_VERSION = 5.0;
				TARGETED_DEVICE_FAMILY = "1,2";
			};
			name = Release;
		};
		A0AD71942D51E17500AC1D26 /* Debug */ = {
			isa = XCBuildConfiguration;
			buildSettings = {
				BUNDLE_LOADER = "$(TEST_HOST)";
				CODE_SIGN_STYLE = Automatic;
				CURRENT_PROJECT_VERSION = 1;
				DEVELOPMENT_TEAM = 985R44ND7P;
				GENERATE_INFOPLIST_FILE = YES;
				IPHONEOS_DEPLOYMENT_TARGET = 18.2;
				MARKETING_VERSION = 1.0;
				PRODUCT_BUNDLE_IDENTIFIER = com.aayam.LearnBindingTests;
				PRODUCT_NAME = "$(TARGET_NAME)";
				SWIFT_EMIT_LOC_STRINGS = NO;
				SWIFT_VERSION = 5.0;
				TARGETED_DEVICE_FAMILY = "1,2";
				TEST_HOST = "$(BUILT_PRODUCTS_DIR)/LearnBinding.app/$(BUNDLE_EXECUTABLE_FOLDER_PATH)/LearnBinding";
			};
			name = Debug;
		};
		A0AD71952D51E17500AC1D26 /* Release */ = {
			isa = XCBuildConfiguration;
			buildSettings = {
				BUNDLE_LOADER = "$(TEST_HOST)";
				CODE_SIGN_STYLE = Automatic;
				CURRENT_PROJECT_VERSION = 1;
				DEVELOPMENT_TEAM = 985R44ND7P;
				GENERATE_INFOPLIST_FILE = YES;
				IPHONEOS_DEPLOYMENT_TARGET = 18.2;
				MARKETING_VERSION = 1.0;
				PRODUCT_BUNDLE_IDENTIFIER = com.aayam.LearnBindingTests;
				PRODUCT_NAME = "$(TARGET_NAME)";
				SWIFT_EMIT_LOC_STRINGS = NO;
				SWIFT_VERSION = 5.0;
				TARGETED_DEVICE_FAMILY = "1,2";
				TEST_HOST = "$(BUILT_PRODUCTS_DIR)/LearnBinding.app/$(BUNDLE_EXECUTABLE_FOLDER_PATH)/LearnBinding";
			};
			name = Release;
		};
		A0AD71972D51E17500AC1D26 /* Debug */ = {
			isa = XCBuildConfiguration;
			buildSettings = {
				CODE_SIGN_STYLE = Automatic;
				CURRENT_PROJECT_VERSION = 1;
				DEVELOPMENT_TEAM = 985R44ND7P;
				GENERATE_INFOPLIST_FILE = YES;
				MARKETING_VERSION = 1.0;
				PRODUCT_BUNDLE_IDENTIFIER = com.aayam.LearnBindingUITests;
				PRODUCT_NAME = "$(TARGET_NAME)";
				SWIFT_EMIT_LOC_STRINGS = NO;
				SWIFT_VERSION = 5.0;
				TARGETED_DEVICE_FAMILY = "1,2";
				TEST_TARGET_NAME = LearnBinding;
			};
			name = Debug;
		};
		A0AD71982D51E17500AC1D26 /* Release */ = {
			isa = XCBuildConfiguration;
			buildSettings = {
				CODE_SIGN_STYLE = Automatic;
				CURRENT_PROJECT_VERSION = 1;
				DEVELOPMENT_TEAM = 985R44ND7P;
				GENERATE_INFOPLIST_FILE = YES;
				MARKETING_VERSION = 1.0;
				PRODUCT_BUNDLE_IDENTIFIER = com.aayam.LearnBindingUITests;
				PRODUCT_NAME = "$(TARGET_NAME)";
				SWIFT_EMIT_LOC_STRINGS = NO;
				SWIFT_VERSION = 5.0;
				TARGETED_DEVICE_FAMILY = "1,2";
				TEST_TARGET_NAME = LearnBinding;
			};
			name = Release;
		};
/* End XCBuildConfiguration section */

/* Begin XCConfigurationList section */
		A0AD71672D51E17300AC1D26 /* Build configuration list for PBXProject "LearnBinding" */ = {
			isa = XCConfigurationList;
			buildConfigurations = (
				A0AD718E2D51E17500AC1D26 /* Debug */,
				A0AD718F2D51E17500AC1D26 /* Release */,
			);
			defaultConfigurationIsVisible = 0;
			defaultConfigurationName = Release;
		};
		A0AD71902D51E17500AC1D26 /* Build configuration list for PBXNativeTarget "LearnBinding" */ = {
			isa = XCConfigurationList;
			buildConfigurations = (
				A0AD71912D51E17500AC1D26 /* Debug */,
				A0AD71922D51E17500AC1D26 /* Release */,
			);
			defaultConfigurationIsVisible = 0;
			defaultConfigurationName = Release;
		};
		A0AD71932D51E17500AC1D26 /* Build configuration list for PBXNativeTarget "LearnBindingTests" */ = {
			isa = XCConfigurationList;
			buildConfigurations = (
				A0AD71942D51E17500AC1D26 /* Debug */,
				A0AD71952D51E17500AC1D26 /* Release */,
			);
			defaultConfigurationIsVisible = 0;
			defaultConfigurationName = Release;
		};
		A0AD71962D51E17500AC1D26 /* Build configuration list for PBXNativeTarget "LearnBindingUITests" */ = {
			isa = XCConfigurationList;
			buildConfigurations = (
				A0AD71972D51E17500AC1D26 /* Debug */,
				A0AD71982D51E17500AC1D26 /* Release */,
			);
			defaultConfigurationIsVisible = 0;
			defaultConfigurationName = Release;
		};
/* End XCConfigurationList section */
	};
	rootObject = A0AD71642D51E17300AC1D26 /* Project object */;
}
